
Microsoft Visual Studio Solution File, Format Version 12.00
# Visual Studio Version 17
VisualStudioVersion = 17.8.34309.116
MinimumVisualStudioVersion = 10.0.40219.1
Project("{FAE04EC0-301F-11D3-BF4B-00C04F79EFBC}") = "WinFormsApp1", "WinFormsApp1\WinFormsApp1.csproj", "{AC52BC18-80A4-4190-884A-8F60E7A95FF4}"
EndProject
Global
	GlobalSection(SolutionConfigurationPlatforms) = preSolution
		Debug|Any CPU = Debug|Any CPU
		Release|Any CPU = Release|Any CPU
	EndGlobalSection
	GlobalSection(ProjectConfigurationPlatforms) = postSolution
		{AC52BC18-80A4-4190-884A-8F60E7A95FF4}.Debug|Any CPU.ActiveCfg = Debug|Any CPU
		{AC52BC18-80A4-4190-884A-8F60E7A95FF4}.Debug|Any CPU.Build.0 = Debug|Any CPU
		{AC52BC18-80A4-4190-884A-8F60E7A95FF4}.Release|Any CPU.ActiveCfg = Release|Any CPU
		{AC52BC18-80A4-4190-884A-8F60E7A95FF4}.Release|Any CPU.Build.0 = Release|Any CPU
	EndGlobalSection
	GlobalSection(SolutionProperties) = preSolution
		HideSolutionNode = FALSE
	EndGlobalSection
	GlobalSection(ExtensibilityGlobals) = postSolution
		SolutionGuid = {5E12EB9D-25A4-4C8C-8AA8-EE98E11BA8C7}
	EndGlobalSection
EndGlobal
